
Microsoft Visual Studio Solution File, Format Version 12.00
# Visual Studio Version 16
VisualStudioVersion = 16.0.29613.14
MinimumVisualStudioVersion = 10.0.40219.1
Project("{FAE04EC0-301F-11D3-BF4B-00C04F79EFBC}") = "Mongo.Repository", "Mongo.Repository\Mongo.Repository.csproj", "{E55E87CF-ADC0-4B02-A1CD-FC3ECE5AAFD1}"
EndProject
Project("{FAE04EC0-301F-11D3-BF4B-00C04F79EFBC}") = "Mongo.Repository.Tests", "Mongo.Repository.Tests\Mongo.Repository.Tests.csproj", "{3C870DCF-CD6E-492D-A49E-1B234EB513FB}"
EndProject
Global
	GlobalSection(SolutionConfigurationPlatforms) = preSolution
		Debug|Any CPU = Debug|Any CPU
		Release|Any CPU = Release|Any CPU
	EndGlobalSection
	GlobalSection(ProjectConfigurationPlatforms) = postSolution
		{E55E87CF-ADC0-4B02-A1CD-FC3ECE5AAFD1}.Debug|Any CPU.ActiveCfg = Debug|Any CPU
		{E55E87CF-ADC0-4B02-A1CD-FC3ECE5AAFD1}.Debug|Any CPU.Build.0 = Debug|Any CPU
		{E55E87CF-ADC0-4B02-A1CD-FC3ECE5AAFD1}.Release|Any CPU.ActiveCfg = Release|Any CPU
		{E55E87CF-ADC0-4B02-A1CD-FC3ECE5AAFD1}.Release|Any CPU.Build.0 = Release|Any CPU
		{3C870DCF-CD6E-492D-A49E-1B234EB513FB}.Debug|Any CPU.ActiveCfg = Debug|Any CPU
		{3C870DCF-CD6E-492D-A49E-1B234EB513FB}.Debug|Any CPU.Build.0 = Debug|Any CPU
		{3C870DCF-CD6E-492D-A49E-1B234EB513FB}.Release|Any CPU.ActiveCfg = Release|Any CPU
		{3C870DCF-CD6E-492D-A49E-1B234EB513FB}.Release|Any CPU.Build.0 = Release|Any CPU
	EndGlobalSection
	GlobalSection(SolutionProperties) = preSolution
		HideSolutionNode = FALSE
	EndGlobalSection
	GlobalSection(ExtensibilityGlobals) = postSolution
		SolutionGuid = {5BFE8A48-0311-4027-A4CE-EBA5D5ACC2BF}
	EndGlobalSection
EndGlobal
